
Microsoft Visual Studio Solution File, Format Version 12.00
# Visual Studio Version 17
VisualStudioVersion = 17.3.32819.101
MinimumVisualStudioVersion = 10.0.40219.1
Project("{FAE04EC0-301F-11D3-BF4B-00C04F79EFBC}") = "Chua_SearchActivity", "Chua_SearchActivity.csproj", "{B9471CFC-428B-4534-AD8F-F3C183476012}"
EndProject
Global
	GlobalSection(SolutionConfigurationPlatforms) = preSolution
		Debug|Any CPU = Debug|Any CPU
		Release|Any CPU = Release|Any CPU
	EndGlobalSection
	GlobalSection(ProjectConfigurationPlatforms) = postSolution
		{B9471CFC-428B-4534-AD8F-F3C183476012}.Debug|Any CPU.ActiveCfg = Debug|Any CPU
		{B9471CFC-428B-4534-AD8F-F3C183476012}.Debug|Any CPU.Build.0 = Debug|Any CPU
		{B9471CFC-428B-4534-AD8F-F3C183476012}.Release|Any CPU.ActiveCfg = Release|Any CPU
		{B9471CFC-428B-4534-AD8F-F3C183476012}.Release|Any CPU.Build.0 = Release|Any CPU
	EndGlobalSection
	GlobalSection(SolutionProperties) = preSolution
		HideSolutionNode = FALSE
	EndGlobalSection
	GlobalSection(ExtensibilityGlobals) = postSolution
		SolutionGuid = {97C2BC03-921B-4DB5-8EC7-2163C1292D95}
	EndGlobalSection
EndGlobal
